
Microsoft Visual Studio Solution File, Format Version 12.00
# Visual Studio Version 16
VisualStudioVersion = 16.0.31410.357
MinimumVisualStudioVersion = 10.0.40219.1
Project("{9A19103F-16F7-4668-BE54-9A1E7A4F7556}") = "Ecom.WebAPI", "Ecom.WebAPI\Ecom.WebAPI.csproj", "{73FA7696-FB0A-4193-A9A3-F6D074FC4F44}"
EndProject
Project("{9A19103F-16F7-4668-BE54-9A1E7A4F7556}") = "Ecom.Domain", "Ecom.Domain\Ecom.Domain.csproj", "{D4161E17-CB2F-4F26-A3ED-62C0DCB3FC2C}"
EndProject
Project("{9A19103F-16F7-4668-BE54-9A1E7A4F7556}") = "Ecom.Database", "Ecom.Database\Ecom.Database.csproj", "{73F6C591-1A88-4043-BEC0-3F6F6933AAEE}"
EndProject
Project("{FAE04EC0-301F-11D3-BF4B-00C04F79EFBC}") = "Ecom.CustomerUI", "Ecom.CustomerUI\Ecom.CustomerUI.csproj", "{8A7C58ED-D530-430D-9A48-C25213EF1354}"
EndProject
Global
	GlobalSection(SolutionConfigurationPlatforms) = preSolution
		Debug|Any CPU = Debug|Any CPU
		Release|Any CPU = Release|Any CPU
	EndGlobalSection
	GlobalSection(ProjectConfigurationPlatforms) = postSolution
		{73FA7696-FB0A-4193-A9A3-F6D074FC4F44}.Debug|Any CPU.ActiveCfg = Debug|Any CPU
		{73FA7696-FB0A-4193-A9A3-F6D074FC4F44}.Debug|Any CPU.Build.0 = Debug|Any CPU
		{73FA7696-FB0A-4193-A9A3-F6D074FC4F44}.Release|Any CPU.ActiveCfg = Release|Any CPU
		{73FA7696-FB0A-4193-A9A3-F6D074FC4F44}.Release|Any CPU.Build.0 = Release|Any CPU
		{D4161E17-CB2F-4F26-A3ED-62C0DCB3FC2C}.Debug|Any CPU.ActiveCfg = Debug|Any CPU
		{D4161E17-CB2F-4F26-A3ED-62C0DCB3FC2C}.Debug|Any CPU.Build.0 = Debug|Any CPU
		{D4161E17-CB2F-4F26-A3ED-62C0DCB3FC2C}.Release|Any CPU.ActiveCfg = Release|Any CPU
		{D4161E17-CB2F-4F26-A3ED-62C0DCB3FC2C}.Release|Any CPU.Build.0 = Release|Any CPU
		{73F6C591-1A88-4043-BEC0-3F6F6933AAEE}.Debug|Any CPU.ActiveCfg = Debug|Any CPU
		{73F6C591-1A88-4043-BEC0-3F6F6933AAEE}.Debug|Any CPU.Build.0 = Debug|Any CPU
		{73F6C591-1A88-4043-BEC0-3F6F6933AAEE}.Release|Any CPU.ActiveCfg = Release|Any CPU
		{73F6C591-1A88-4043-BEC0-3F6F6933AAEE}.Release|Any CPU.Build.0 = Release|Any CPU
		{8A7C58ED-D530-430D-9A48-C25213EF1354}.Debug|Any CPU.ActiveCfg = Debug|Any CPU
		{8A7C58ED-D530-430D-9A48-C25213EF1354}.Debug|Any CPU.Build.0 = Debug|Any CPU
		{8A7C58ED-D530-430D-9A48-C25213EF1354}.Release|Any CPU.ActiveCfg = Release|Any CPU
		{8A7C58ED-D530-430D-9A48-C25213EF1354}.Release|Any CPU.Build.0 = Release|Any CPU
	EndGlobalSection
	GlobalSection(SolutionProperties) = preSolution
		HideSolutionNode = FALSE
	EndGlobalSection
	GlobalSection(ExtensibilityGlobals) = postSolution
		SolutionGuid = {5F4B15C8-F7D6-4E21-9599-006DECE882E4}
	EndGlobalSection
EndGlobal
